
Microsoft Visual Studio Solution File, Format Version 12.00
# Visual Studio Version 17
VisualStudioVersion = 17.3.32825.248
MinimumVisualStudioVersion = 10.0.40219.1
Project("{FAE04EC0-301F-11D3-BF4B-00C04F79EFBC}") = "Tumakov3", "Tumacov333\Tumakov3.csproj", "{F65D255F-5718-4BEC-AAB6-C601CC85658A}"
EndProject
Project("{FAE04EC0-301F-11D3-BF4B-00C04F79EFBC}") = "homework3", "homework3\homework3.csproj", "{42B7F58A-BF88-4856-93C2-718E5AF80F21}"
EndProject
Global
	GlobalSection(SolutionConfigurationPlatforms) = preSolution
		Debug|Any CPU = Debug|Any CPU
		Release|Any CPU = Release|Any CPU
	EndGlobalSection
	GlobalSection(ProjectConfigurationPlatforms) = postSolution
		{F65D255F-5718-4BEC-AAB6-C601CC85658A}.Debug|Any CPU.ActiveCfg = Debug|Any CPU
		{F65D255F-5718-4BEC-AAB6-C601CC85658A}.Debug|Any CPU.Build.0 = Debug|Any CPU
		{F65D255F-5718-4BEC-AAB6-C601CC85658A}.Release|Any CPU.ActiveCfg = Release|Any CPU
		{F65D255F-5718-4BEC-AAB6-C601CC85658A}.Release|Any CPU.Build.0 = Release|Any CPU
		{42B7F58A-BF88-4856-93C2-718E5AF80F21}.Debug|Any CPU.ActiveCfg = Debug|Any CPU
		{42B7F58A-BF88-4856-93C2-718E5AF80F21}.Debug|Any CPU.Build.0 = Debug|Any CPU
		{42B7F58A-BF88-4856-93C2-718E5AF80F21}.Release|Any CPU.ActiveCfg = Release|Any CPU
		{42B7F58A-BF88-4856-93C2-718E5AF80F21}.Release|Any CPU.Build.0 = Release|Any CPU
	EndGlobalSection
	GlobalSection(SolutionProperties) = preSolution
		HideSolutionNode = FALSE
	EndGlobalSection
	GlobalSection(ExtensibilityGlobals) = postSolution
		SolutionGuid = {45814747-CEFB-4550-A112-1E321A6A7C46}
	EndGlobalSection
EndGlobal
